// !$*UTF8*$!
{
	archiveVersion = 1;
	classes = {
	};
	objectVersion = 46;
	objects = {

/* Begin PBXBuildFile section */
		986CE2DD1EC0AC9F002EDCB1 /* main.m in Sources */ = {isa = PBXBuildFile; fileRef = 986CE2DC1EC0AC9F002EDCB1 /* main.m */; };
		986CE2E01EC0AC9F002EDCB1 /* AppDelegate.m in Sources */ = {isa = PBXBuildFile; fileRef = 986CE2DF1EC0AC9F002EDCB1 /* AppDelegate.m */; };
		986CE2E31EC0AC9F002EDCB1 /* ViewController.m in Sources */ = {isa = PBXBuildFile; fileRef = 986CE2E21EC0AC9F002EDCB1 /* ViewController.m */; };
		986CE2E61EC0AC9F002EDCB1 /* Main.storyboard in Resources */ = {isa = PBXBuildFile; fileRef = 986CE2E41EC0AC9F002EDCB1 /* Main.storyboard */; };
		986CE2E81EC0AC9F002EDCB1 /* Assets.xcassets in Resources */ = {isa = PBXBuildFile; fileRef = 986CE2E71EC0AC9F002EDCB1 /* Assets.xcassets */; };
		986CE2EB1EC0AC9F002EDCB1 /* LaunchScreen.storyboard in Resources */ = {isa = PBXBuildFile; fileRef = 986CE2E91EC0AC9F002EDCB1 /* LaunchScreen.storyboard */; };
		98D92C801EC1B856008BEDA6 /* ViewControllerHello.m in Sources */ = {isa = PBXBuildFile; fileRef = 98D92C7F1EC1B856008BEDA6 /* ViewControllerHello.m */; };
/* End PBXBuildFile section */

/* Begin PBXFileReference section */
		986CE2D81EC0AC9F002EDCB1 /* UI-HelloWorldMRR.app */ = {isa = PBXFileReference; explicitFileType = wrapper.application; includeInIndex = 0; path = "UI-HelloWorldMRR.app"; sourceTree = BUILT_PRODUCTS_DIR; };
		986CE2DC1EC0AC9F002EDCB1 /* main.m */ = {isa = PBXFileReference; lastKnownFileType = sourcecode.c.objc; path = main.m; sourceTree = "<group>"; };
		986CE2DE1EC0AC9F002EDCB1 /* AppDelegate.h */ = {isa = PBXFileReference; lastKnownFileType = sourcecode.c.h; path = AppDelegate.h; sourceTree = "<group>"; };
		986CE2DF1EC0AC9F002EDCB1 /* AppDelegate.m */ = {isa = PBXFileReference; lastKnownFileType = sourcecode.c.objc; path = AppDelegate.m; sourceTree = "<group>"; };
		986CE2E11EC0AC9F002EDCB1 /* ViewController.h */ = {isa = PBXFileReference; lastKnownFileType = sourcecode.c.h; path = ViewController.h; sourceTree = "<group>"; };
		986CE2E21EC0AC9F002EDCB1 /* ViewController.m */ = {isa = PBXFileReference; lastKnownFileType = sourcecode.c.objc; path = ViewController.m; sourceTree = "<group>"; };
		986CE2E51EC0AC9F002EDCB1 /* Base */ = {isa = PBXFileReference; lastKnownFileType = file.storyboard; name = Base; path = Base.lproj/Main.storyboard; sourceTree = "<group>"; };
		986CE2E71EC0AC9F002EDCB1 /* Assets.xcassets */ = {isa = PBXFileReference; lastKnownFileType = folder.assetcatalog; path = Assets.xcassets; sourceTree = "<group>"; };
		986CE2EA1EC0AC9F002EDCB1 /* Base */ = {isa = PBXFileReference; lastKnownFileType = file.storyboard; name = Base; path = Base.lproj/LaunchScreen.storyboard; sourceTree = "<group>"; };
		986CE2EC1EC0ACA0002EDCB1 /* Info.plist */ = {isa = PBXFileReference; lastKnownFileType = text.plist.xml; path = Info.plist; sourceTree = "<group>"; };
		98D92C7E1EC1B856008BEDA6 /* ViewControllerHello.h */ = {isa = PBXFileReference; fileEncoding = 4; lastKnownFileType = sourcecode.c.h; path = ViewControllerHello.h; sourceTree = "<group>"; };
		98D92C7F1EC1B856008BEDA6 /* ViewControllerHello.m */ = {isa = PBXFileReference; fileEncoding = 4; lastKnownFileType = sourcecode.c.objc; path = ViewControllerHello.m; sourceTree = "<group>"; };
/* End PBXFileReference section */

/* Begin PBXFrameworksBuildPhase section */
		986CE2D51EC0AC9F002EDCB1 /* Frameworks */ = {
			isa = PBXFrameworksBuildPhase;
			buildActionMask = 2147483647;
			files = (
			);
			runOnlyForDeploymentPostprocessing = 0;
		};
/* End PBXFrameworksBuildPhase section */

/* Begin PBXGroup section */
		986CE2CF1EC0AC9F002EDCB1 = {
			isa = PBXGroup;
			children = (
				986CE2DA1EC0AC9F002EDCB1 /* UI-HelloWorldMRR */,
				986CE2D91EC0AC9F002EDCB1 /* Products */,
			);
			sourceTree = "<group>";
		};
		986CE2D91EC0AC9F002EDCB1 /* Products */ = {
			isa = PBXGroup;
			children = (
				986CE2D81EC0AC9F002EDCB1 /* UI-HelloWorldMRR.app */,
			);
			name = Products;
			sourceTree = "<group>";
		};
		986CE2DA1EC0AC9F002EDCB1 /* UI-HelloWorldMRR */ = {
			isa = PBXGroup;
			children = (
				986CE2DE1EC0AC9F002EDCB1 /* AppDelegate.h */,
				986CE2DF1EC0AC9F002EDCB1 /* AppDelegate.m */,
				986CE2E11EC0AC9F002EDCB1 /* ViewController.h */,
				986CE2E21EC0AC9F002EDCB1 /* ViewController.m */,
				98D92C7E1EC1B856008BEDA6 /* ViewControllerHello.h */,
				98D92C7F1EC1B856008BEDA6 /* ViewControllerHello.m */,
				986CE2E41EC0AC9F002EDCB1 /* Main.storyboard */,
				986CE2E71EC0AC9F002EDCB1 /* Assets.xcassets */,
				986CE2E91EC0AC9F002EDCB1 /* LaunchScreen.storyboard */,
				986CE2EC1EC0ACA0002EDCB1 /* Info.plist */,
				986CE2DB1EC0AC9F002EDCB1 /* Supporting Files */,
			);
			path = "UI-HelloWorldMRR";
			sourceTree = "<group>";
		};
		986CE2DB1EC0AC9F002EDCB1 /* Supporting Files */ = {
			isa = PBXGroup;
			children = (
				986CE2DC1EC0AC9F002EDCB1 /* main.m */,
			);
			name = "Supporting Files";
			sourceTree = "<group>";
		};
/* End PBXGroup section */

/* Begin PBXNativeTarget section */
		986CE2D71EC0AC9F002EDCB1 /* UI-HelloWorldMRR */ = {
			isa = PBXNativeTarget;
			buildConfigurationList = 986CE2EF1EC0ACA0002EDCB1 /* Build configuration list for PBXNativeTarget "UI-HelloWorldMRR" */;
			buildPhases = (
				986CE2D41EC0AC9F002EDCB1 /* Sources */,
				986CE2D51EC0AC9F002EDCB1 /* Frameworks */,
				986CE2D61EC0AC9F002EDCB1 /* Resources */,
			);
			buildRules = (
			);
			dependencies = (
			);
			name = "UI-HelloWorldMRR";
			productName = "UI-HelloWorldMRR";
			productReference = 986CE2D81EC0AC9F002EDCB1 /* UI-HelloWorldMRR.app */;
			productType = "com.apple.product-type.application";
		};
/* End PBXNativeTarget section */

/* Begin PBXProject section */
		986CE2D01EC0AC9F002EDCB1 /* Project object */ = {
			isa = PBXProject;
			attributes = {
				LastUpgradeCheck = 0830;
				ORGANIZATIONNAME = "Mikhail Yaskou";
				TargetAttributes = {
					986CE2D71EC0AC9F002EDCB1 = {
						CreatedOnToolsVersion = 8.3.1;
						ProvisioningStyle = Automatic;
					};
				};
			};
			buildConfigurationList = 986CE2D31EC0AC9F002EDCB1 /* Build configuration list for PBXProject "UI-HelloWorldMRR" */;
			compatibilityVersion = "Xcode 3.2";
			developmentRegion = English;
			hasScannedForEncodings = 0;
			knownRegions = (
				en,
				Base,
			);
			mainGroup = 986CE2CF1EC0AC9F002EDCB1;
			productRefGroup = 986CE2D91EC0AC9F002EDCB1 /* Products */;
			projectDirPath = "";
			projectRoot = "";
			targets = (
				986CE2D71EC0AC9F002EDCB1 /* UI-HelloWorldMRR */,
			);
		};
/* End PBXProject section */

/* Begin PBXResourcesBuildPhase section */
		986CE2D61EC0AC9F002EDCB1 /* Resources */ = {
			isa = PBXResourcesBuildPhase;
			buildActionMask = 2147483647;
			files = (
				986CE2EB1EC0AC9F002EDCB1 /* LaunchScreen.storyboard in Resources */,
				986CE2E81EC0AC9F002EDCB1 /* Assets.xcassets in Resources */,
				986CE2E61EC0AC9F002EDCB1 /* Main.storyboard in Resources */,
			);
			runOnlyForDeploymentPostprocessing = 0;
		};
/* End PBXResourcesBuildPhase section */

/* Begin PBXSourcesBuildPhase section */
		986CE2D41EC0AC9F002EDCB1 /* Sources */ = {
			isa = PBXSourcesBuildPhase;
			buildActionMask = 2147483647;
			files = (
				986CE2E31EC0AC9F002EDCB1 /* ViewController.m in Sources */,
				986CE2E01EC0AC9F002EDCB1 /* AppDelegate.m in Sources */,
				986CE2DD1EC0AC9F002EDCB1 /* main.m in Sources */,
				98D92C801EC1B856008BEDA6 /* ViewControllerHello.m in Sources */,
			);
			runOnlyForDeploymentPostprocessing = 0;
		};
/* End PBXSourcesBuildPhase section */

/* Begin PBXVariantGroup section */
		986CE2E41EC0AC9F002EDCB1 /* Main.storyboard */ = {
			isa = PBXVariantGroup;
			children = (
				986CE2E51EC0AC9F002EDCB1 /* Base */,
			);
			name = Main.storyboard;
			sourceTree = "<group>";
		};
		986CE2E91EC0AC9F002EDCB1 /* LaunchScreen.storyboard */ = {
			isa = PBXVariantGroup;
			children = (
				986CE2EA1EC0AC9F002EDCB1 /* Base */,
			);
			name = LaunchScreen.storyboard;
			sourceTree = "<group>";
		};
/* End PBXVariantGroup section */

/* Begin XCBuildConfiguration section */
		986CE2ED1EC0ACA0002EDCB1 /* Debug */ = {
			isa = XCBuildConfiguration;
			buildSettings = {
				ALWAYS_SEARCH_USER_PATHS = NO;
				CLANG_ANALYZER_NONNULL = YES;
				CLANG_ANALYZER_NUMBER_OBJECT_CONVERSION = YES_AGGRESSIVE;
				CLANG_CXX_LANGUAGE_STANDARD = "gnu++0x";
				CLANG_CXX_LIBRARY = "libc++";
				CLANG_ENABLE_MODULES = YES;
				CLANG_ENABLE_OBJC_ARC = NO;
				CLANG_WARN_BOOL_CONVERSION = YES;
				CLANG_WARN_CONSTANT_CONVERSION = YES;
				CLANG_WARN_DIRECT_OBJC_ISA_USAGE = YES_ERROR;
				CLANG_WARN_DOCUMENTATION_COMMENTS = YES;
				CLANG_WARN_EMPTY_BODY = YES;
				CLANG_WARN_ENUM_CONVERSION = YES;
				CLANG_WARN_INFINITE_RECURSION = YES;
				CLANG_WARN_INT_CONVERSION = YES;
				CLANG_WARN_OBJC_ROOT_CLASS = YES_ERROR;
				CLANG_WARN_SUSPICIOUS_MOVE = YES;
				CLANG_WARN_UNREACHABLE_CODE = YES;
				CLANG_WARN__DUPLICATE_METHOD_MATCH = YES;
				"CODE_SIGN_IDENTITY[sdk=iphoneos*]" = "iPhone Developer";
				COPY_PHASE_STRIP = NO;
				DEBUG_INFORMATION_FORMAT = dwarf;
				ENABLE_STRICT_OBJC_MSGSEND = YES;
				ENABLE_TESTABILITY = YES;
				GCC_C_LANGUAGE_STANDARD = gnu99;
				GCC_DYNAMIC_NO_PIC = NO;
				GCC_NO_COMMON_BLOCKS = YES;
				GCC_OPTIMIZATION_LEVEL = 0;
				GCC_PREPROCESSOR_DEFINITIONS = (
					"DEBUG=1",
					"$(inherited)",
				);
				GCC_WARN_64_TO_32_BIT_CONVERSION = YES;
				GCC_WARN_ABOUT_RETURN_TYPE = YES_ERROR;
				GCC_WARN_UNDECLARED_SELECTOR = YES;
				GCC_WARN_UNINITIALIZED_AUTOS = YES_AGGRESSIVE;
				GCC_WARN_UNUSED_FUNCTION = YES;
				GCC_WARN_UNUSED_VARIABLE = YES;
				IPHONEOS_DEPLOYMENT_TARGET = 10.3;
				MTL_ENABLE_DEBUG_INFO = YES;
				ONLY_ACTIVE_ARCH = YES;
				SDKROOT = iphoneos;
				TARGETED_DEVICE_FAMILY = "1,2";
			};
			name = Debug;
		};
		986CE2EE1EC0ACA0002EDCB1 /* Release */ = {
			isa = XCBuildConfiguration;
			buildSettings = {
				ALWAYS_SEARCH_USER_PATHS = NO;
				CLANG_ANALYZER_NONNULL = YES;
				CLANG_ANALYZER_NUMBER_OBJECT_CONVERSION = YES_AGGRESSIVE;
				CLANG_CXX_LANGUAGE_STANDARD = "gnu++0x";
				CLANG_CXX_LIBRARY = "libc++";
				CLANG_ENABLE_MODULES = YES;
				CLANG_ENABLE_OBJC_ARC = NO;
				CLANG_WARN_BOOL_CONVERSION = YES;
				CLANG_WARN_CONSTANT_CONVERSION = YES;
				CLANG_WARN_DIRECT_OBJC_ISA_USAGE = YES_ERROR;
				CLANG_WARN_DOCUMENTATION_COMMENTS = YES;
				CLANG_WARN_EMPTY_BODY = YES;
				CLANG_WARN_ENUM_CONVERSION = YES;
				CLANG_WARN_INFINITE_RECURSION = YES;
				CLANG_WARN_INT_CONVERSION = YES;
				CLANG_WARN_OBJC_ROOT_CLASS = YES_ERROR;
				CLANG_WARN_SUSPICIOUS_MOVE = YES;
				CLANG_WARN_UNREACHABLE_CODE = YES;
				CLANG_WARN__DUPLICATE_METHOD_MATCH = YES;
				"CODE_SIGN_IDENTITY[sdk=iphoneos*]" = "iPhone Developer";
				COPY_PHASE_STRIP = NO;
				DEBUG_INFORMATION_FORMAT = "dwarf-with-dsym";
				ENABLE_NS_ASSERTIONS = NO;
				ENABLE_STRICT_OBJC_MSGSEND = YES;
				GCC_C_LANGUAGE_STANDARD = gnu99;
				GCC_NO_COMMON_BLOCKS = YES;
				GCC_WARN_64_TO_32_BIT_CONVERSION = YES;
				GCC_WARN_ABOUT_RETURN_TYPE = YES_ERROR;
				GCC_WARN_UNDECLARED_SELECTOR = YES;
				GCC_WARN_UNINITIALIZED_AUTOS = YES_AGGRESSIVE;
				GCC_WARN_UNUSED_FUNCTION = YES;
				GCC_WARN_UNUSED_VARIABLE = YES;
				IPHONEOS_DEPLOYMENT_TARGET = 10.3;
				MTL_ENABLE_DEBUG_INFO = NO;
				SDKROOT = iphoneos;
				TARGETED_DEVICE_FAMILY = "1,2";
				VALIDATE_PRODUCT = YES;
			};
			name = Release;
		};
		986CE2F01EC0ACA0002EDCB1 /* Debug */ = {
			isa = XCBuildConfiguration;
			buildSettings = {
				ASSETCATALOG_COMPILER_APPICON_NAME = AppIcon;
				INFOPLIST_FILE = "UI-HelloWorldMRR/Info.plist";
				LD_RUNPATH_SEARCH_PATHS = "$(inherited) @executable_path/Frameworks";
				PRODUCT_BUNDLE_IDENTIFIER = "Mikhail-Yaskou.UI-HelloWorldMRR";
				PRODUCT_NAME = "$(TARGET_NAME)";
			};
			name = Debug;
		};
		986CE2F11EC0ACA0002EDCB1 /* Release */ = {
			isa = XCBuildConfiguration;
			buildSettings = {
				ASSETCATALOG_COMPILER_APPICON_NAME = AppIcon;
				INFOPLIST_FILE = "UI-HelloWorldMRR/Info.plist";
				LD_RUNPATH_SEARCH_PATHS = "$(inherited) @executable_path/Frameworks";
				PRODUCT_BUNDLE_IDENTIFIER = "Mikhail-Yaskou.UI-HelloWorldMRR";
				PRODUCT_NAME = "$(TARGET_NAME)";
			};
			name = Release;
		};
/* End XCBuildConfiguration section */

/* Begin XCConfigurationList section */
		986CE2D31EC0AC9F002EDCB1 /* Build configuration list for PBXProject "UI-HelloWorldMRR" */ = {
			isa = XCConfigurationList;
			buildConfigurations = (
				986CE2ED1EC0ACA0002EDCB1 /* Debug */,
				986CE2EE1EC0ACA0002EDCB1 /* Release */,
			);
			defaultConfigurationIsVisible = 0;
			defaultConfigurationName = Release;
		};
		986CE2EF1EC0ACA0002EDCB1 /* Build configuration list for PBXNativeTarget "UI-HelloWorldMRR" */ = {
			isa = XCConfigurationList;
			buildConfigurations = (
				986CE2F01EC0ACA0002EDCB1 /* Debug */,
				986CE2F11EC0ACA0002EDCB1 /* Release */,
			);
			defaultConfigurationIsVisible = 0;
			defaultConfigurationName = Release;
		};
/* End XCConfigurationList section */
	};
	rootObject = 986CE2D01EC0AC9F002EDCB1 /* Project object */;
}
